
Microsoft Visual Studio Solution File, Format Version 12.00
# Visual Studio Version 17
VisualStudioVersion = 17.5.33424.131
MinimumVisualStudioVersion = 10.0.40219.1
Project("{FAE04EC0-301F-11D3-BF4B-00C04F79EFBC}") = "WebClientTesting", "WebClientTesting.csproj", "{DA512E87-CF2E-4F7F-9100-51F15B809E37}"
EndProject
Global
	GlobalSection(SolutionConfigurationPlatforms) = preSolution
		Debug|Any CPU = Debug|Any CPU
		Release|Any CPU = Release|Any CPU
	EndGlobalSection
	GlobalSection(ProjectConfigurationPlatforms) = postSolution
		{DA512E87-CF2E-4F7F-9100-51F15B809E37}.Debug|Any CPU.ActiveCfg = Debug|Any CPU
		{DA512E87-CF2E-4F7F-9100-51F15B809E37}.Debug|Any CPU.Build.0 = Debug|Any CPU
		{DA512E87-CF2E-4F7F-9100-51F15B809E37}.Release|Any CPU.ActiveCfg = Release|Any CPU
		{DA512E87-CF2E-4F7F-9100-51F15B809E37}.Release|Any CPU.Build.0 = Release|Any CPU
	EndGlobalSection
	GlobalSection(SolutionProperties) = preSolution
		HideSolutionNode = FALSE
	EndGlobalSection
	GlobalSection(ExtensibilityGlobals) = postSolution
		SolutionGuid = {2D8105E6-0D70-4CAE-A136-2D69A49C3ECE}
	EndGlobalSection
EndGlobal
